
Microsoft Visual Studio Solution File, Format Version 11.00
# Visual Studio 2010
Project("{FAE04EC0-301F-11D3-BF4B-00C04F79EFBC}") = "DockableCLArgs", "DockableCLArgs\DockableCLArgs.csproj", "{B6742D9D-720D-4448-991C-DDCF2ED9A988}"
EndProject
Global
	GlobalSection(SolutionConfigurationPlatforms) = preSolution
		Debug|Any CPU = Debug|Any CPU
		Release|Any CPU = Release|Any CPU
	EndGlobalSection
	GlobalSection(ProjectConfigurationPlatforms) = postSolution
		{B6742D9D-720D-4448-991C-DDCF2ED9A988}.Debug|Any CPU.ActiveCfg = Debug|Any CPU
		{B6742D9D-720D-4448-991C-DDCF2ED9A988}.Debug|Any CPU.Build.0 = Debug|Any CPU
		{B6742D9D-720D-4448-991C-DDCF2ED9A988}.Release|Any CPU.ActiveCfg = Release|Any CPU
		{B6742D9D-720D-4448-991C-DDCF2ED9A988}.Release|Any CPU.Build.0 = Release|Any CPU
	EndGlobalSection
	GlobalSection(SolutionProperties) = preSolution
		HideSolutionNode = FALSE
	EndGlobalSection
EndGlobal
